dependencies:
  ESP32_VL53L0X:
    component_hash: dadd2b66c9aec8c7ecded62ad0569b596217b3e84048fe0514d07eef59fc5f5a
    dependencies: []
    source:
      git: https://github.com/kerikun11/ESP32_VL53L0X
      path: .
      type: git
    version: 20ba93f5f82caf43a40ba0703910d73f81414e8c
  espressif/esp32-camera:
    component_hash: 2b75f6f0c987fb0e3687ccbd464cd00c163ea8cb05d2470cfb05adf6535bc488
    dependencies:
    - name: espressif/esp_jpeg
      registry_url: https://components.espressif.com
      require: public
      version: ^1.3.1
    - name: idf
      require: private
      version: '>=5.1'
    source:
      registry_url: https://components.espressif.com/
      type: service
    version: 2.1.6
  espressif/esp_jpeg:
    component_hash: defb83669293cbf86d0fa86b475ba5517aceed04ed70db435388c151ab37b5d7
    dependencies:
    - name: idf
      require: private
      version: '>=5.0'
    source:
      registry_url: https://components.espressif.com
      type: service
    version: 1.3.1
  idf:
    source:
      type: idf
    version: 6.0.0
direct_dependencies:
- ESP32_VL53L0X
- espressif/esp32-camera
- idf
manifest_hash: 15367d4d1e99eca20a8272b1703c3895a6187513f15d48b6d6718dc94b095704
target: esp32
version: 3.0.0
